
Microsoft Visual Studio Solution File, Format Version 12.00
# Visual Studio 15
VisualStudioVersion = 15.0.28010.2016
MinimumVisualStudioVersion = 10.0.40219.1
Project("{FAE04EC0-301F-11D3-BF4B-00C04F79EFBC}") = "ViewReference", "ViewReference\ViewReference.csproj", "{AAD472AA-862D-4732-8121-C98E3216E9EE}"
EndProject
Global
	GlobalSection(SolutionConfigurationPlatforms) = preSolution
		Debug|Any CPU = Debug|Any CPU
		Release|Any CPU = Release|Any CPU
	EndGlobalSection
	GlobalSection(ProjectConfigurationPlatforms) = postSolution
		{AAD472AA-862D-4732-8121-C98E3216E9EE}.Debug|Any CPU.ActiveCfg = Debug|Any CPU
		{AAD472AA-862D-4732-8121-C98E3216E9EE}.Debug|Any CPU.Build.0 = Debug|Any CPU
		{AAD472AA-862D-4732-8121-C98E3216E9EE}.Release|Any CPU.ActiveCfg = Release|Any CPU
		{AAD472AA-862D-4732-8121-C98E3216E9EE}.Release|Any CPU.Build.0 = Release|Any CPU
	EndGlobalSection
	GlobalSection(SolutionProperties) = preSolution
		HideSolutionNode = FALSE
	EndGlobalSection
	GlobalSection(ExtensibilityGlobals) = postSolution
		SolutionGuid = {DD7647C3-DBFF-4A42-A918-330039C756AD}
	EndGlobalSection
EndGlobal
